
Microsoft Visual Studio Solution File, Format Version 12.00
# Visual Studio Version 17
VisualStudioVersion = 17.4.33213.308
MinimumVisualStudioVersion = 10.0.40219.1
Project("{FAE04EC0-301F-11D3-BF4B-00C04F79EFBC}") = "VehicleApp", "VehicleApp.csproj", "{CDC68AD2-BFBC-45BE-874F-E3D0DB58CC73}"
EndProject
Global
	GlobalSection(SolutionConfigurationPlatforms) = preSolution
		Debug|Any CPU = Debug|Any CPU
		Release|Any CPU = Release|Any CPU
	EndGlobalSection
	GlobalSection(ProjectConfigurationPlatforms) = postSolution
		{CDC68AD2-BFBC-45BE-874F-E3D0DB58CC73}.Debug|Any CPU.ActiveCfg = Debug|Any CPU
		{CDC68AD2-BFBC-45BE-874F-E3D0DB58CC73}.Debug|Any CPU.Build.0 = Debug|Any CPU
		{CDC68AD2-BFBC-45BE-874F-E3D0DB58CC73}.Release|Any CPU.ActiveCfg = Release|Any CPU
		{CDC68AD2-BFBC-45BE-874F-E3D0DB58CC73}.Release|Any CPU.Build.0 = Release|Any CPU
	EndGlobalSection
	GlobalSection(SolutionProperties) = preSolution
		HideSolutionNode = FALSE
	EndGlobalSection
	GlobalSection(ExtensibilityGlobals) = postSolution
		SolutionGuid = {6C027106-B4C9-4367-A2CD-2C5928DF6B2A}
	EndGlobalSection
EndGlobal
