
Microsoft Visual Studio Solution File, Format Version 12.00
# Visual Studio Version 17
VisualStudioVersion = 17.4.33213.308
MinimumVisualStudioVersion = 10.0.40219.1
Project("{FAE04EC0-301F-11D3-BF4B-00C04F79EFBC}") = "auth", "auth.csproj", "{3B682850-D91C-4DA4-9333-0A969040864D}"
EndProject
Global
	GlobalSection(SolutionConfigurationPlatforms) = preSolution
		Debug|Any CPU = Debug|Any CPU
		Release|Any CPU = Release|Any CPU
	EndGlobalSection
	GlobalSection(ProjectConfigurationPlatforms) = postSolution
		{3B682850-D91C-4DA4-9333-0A969040864D}.Debug|Any CPU.ActiveCfg = Debug|Any CPU
		{3B682850-D91C-4DA4-9333-0A969040864D}.Debug|Any CPU.Build.0 = Debug|Any CPU
		{3B682850-D91C-4DA4-9333-0A969040864D}.Release|Any CPU.ActiveCfg = Release|Any CPU
		{3B682850-D91C-4DA4-9333-0A969040864D}.Release|Any CPU.Build.0 = Release|Any CPU
	EndGlobalSection
	GlobalSection(SolutionProperties) = preSolution
		HideSolutionNode = FALSE
	EndGlobalSection
	GlobalSection(ExtensibilityGlobals) = postSolution
		SolutionGuid = {BE6567C1-FD73-4389-882A-019DE100152F}
	EndGlobalSection
EndGlobal
