
Microsoft Visual Studio Solution File, Format Version 12.00
# Visual Studio Version 17
VisualStudioVersion = 17.4.33213.308
MinimumVisualStudioVersion = 10.0.40219.1
Project("{FAE04EC0-301F-11D3-BF4B-00C04F79EFBC}") = "Polymorphism", "Polymorphism.csproj", "{9D1C4FEC-23A1-4B78-B3FB-1ED9A4638EA0}"
EndProject
Global
	GlobalSection(SolutionConfigurationPlatforms) = preSolution
		Debug|Any CPU = Debug|Any CPU
		Release|Any CPU = Release|Any CPU
	EndGlobalSection
	GlobalSection(ProjectConfigurationPlatforms) = postSolution
		{9D1C4FEC-23A1-4B78-B3FB-1ED9A4638EA0}.Debug|Any CPU.ActiveCfg = Debug|Any CPU
		{9D1C4FEC-23A1-4B78-B3FB-1ED9A4638EA0}.Debug|Any CPU.Build.0 = Debug|Any CPU
		{9D1C4FEC-23A1-4B78-B3FB-1ED9A4638EA0}.Release|Any CPU.ActiveCfg = Release|Any CPU
		{9D1C4FEC-23A1-4B78-B3FB-1ED9A4638EA0}.Release|Any CPU.Build.0 = Release|Any CPU
	EndGlobalSection
	GlobalSection(SolutionProperties) = preSolution
		HideSolutionNode = FALSE
	EndGlobalSection
	GlobalSection(ExtensibilityGlobals) = postSolution
		SolutionGuid = {CA760D7A-226D-4262-B4B5-15CA11B47A56}
	EndGlobalSection
EndGlobal
